# This file was autogenerated by Stack.
# You should not edit this file by hand.
# For more information, please see the documentation at:
#   https://docs.haskellstack.org/en/stable/lock_files

packages:
- completed:
    hackage: hscurses-1.4.2.0@sha256:185f294036aaced6a4cf72c994339286e8e7886f5a327c3ccac898066985c528,2118
    pantry-tree:
      size: 1369
      sha256: 42db70051cc8c1e6ff628078c0b201c4607d07cd271a149bc972203d5d51721b
  original:
    hackage: hscurses-1.4.2.0
snapshots:
- completed:
    size: 531237
    url: https://raw.githubusercontent.com/commercialhaskell/stackage-snapshots/master/lts/16/1.yaml
    sha256: 954b6b14b0c8130732cf4773f7ebb4efc9a44600d1a5265d142868bf93462bc6
  original: lts-16.1
